// !$*UTF8*$!
{
	archiveVersion = 1;
	classes = {
	};
	objectVersion = 55;
	objects = {

/* Begin PBXBuildFile section */
		1534BCB3280D9F030061800D /* NewPostViewController.swift in Sources */ = {isa = PBXBuildFile; fileRef = 1534BCB2280D9F030061800D /* NewPostViewController.swift */; };
		1534BCB7280DA97D0061800D /* ResultTableViewCell.swift in Sources */ = {isa = PBXBuildFile; fileRef = 1534BCB6280DA97D0061800D /* ResultTableViewCell.swift */; };
		99FCF07529E5E9A7BE4B0CEE /* Pods_ListenUp_ListenUpUITests.framework in Frameworks */ = {isa = PBXBuildFile; fileRef = F86A41410E8CE9171D9EA77F /* Pods_ListenUp_ListenUpUITests.framework */; };
		A346F23A8B11C66BAC4D326A /* Pods_ListenUpTests.framework in Frameworks */ = {isa = PBXBuildFile; fileRef = B999177ECC3CC9EC0EA24750 /* Pods_ListenUpTests.framework */; };
		B7C57818DEF343FCA1384779 /* Pods_ListenUp.framework in Frameworks */ = {isa = PBXBuildFile; fileRef = 8B324E8AEC619336AA032E41 /* Pods_ListenUp.framework */; };
		D017C57C2807D37200E62C7F /* iTunesAPINetworking.swift in Sources */ = {isa = PBXBuildFile; fileRef = D017C57B2807D37200E62C7F /* iTunesAPINetworking.swift */; };
		D017C57E2807DA3B00E62C7F /* ImageFromURL.swift in Sources */ = {isa = PBXBuildFile; fileRef = D017C57D2807DA3B00E62C7F /* ImageFromURL.swift */; };
		D017C5802807DF9800E62C7F /* SongwhipNetworking.swift in Sources */ = {isa = PBXBuildFile; fileRef = D017C57F2807DF9800E62C7F /* SongwhipNetworking.swift */; };
		D032A6B2280F39CA0024A4BE /* MusicPlayer.swift in Sources */ = {isa = PBXBuildFile; fileRef = D032A6B1280F39CA0024A4BE /* MusicPlayer.swift */; };
		D042BC3227FE5FBE0096F24D /* AppDelegate.swift in Sources */ = {isa = PBXBuildFile; fileRef = D042BC3127FE5FBE0096F24D /* AppDelegate.swift */; };
		D042BC3427FE5FBE0096F24D /* SceneDelegate.swift in Sources */ = {isa = PBXBuildFile; fileRef = D042BC3327FE5FBE0096F24D /* SceneDelegate.swift */; };
		D042BC3627FE5FBE0096F24D /* LoginViewController.swift in Sources */ = {isa = PBXBuildFile; fileRef = D042BC3527FE5FBE0096F24D /* LoginViewController.swift */; };
		D042BC3927FE5FBE0096F24D /* Main.storyboard in Resources */ = {isa = PBXBuildFile; fileRef = D042BC3727FE5FBE0096F24D /* Main.storyboard */; };
		D042BC3B27FE5FC20096F24D /* Assets.xcassets in Resources */ = {isa = PBXBuildFile; fileRef = D042BC3A27FE5FC20096F24D /* Assets.xcassets */; };
		D042BC3E27FE5FC20096F24D /* LaunchScreen.storyboard in Resources */ = {isa = PBXBuildFile; fileRef = D042BC3C27FE5FC20096F24D /* LaunchScreen.storyboard */; };
		D042BC4927FE5FC30096F24D /* ListenUpTests.swift in Sources */ = {isa = PBXBuildFile; fileRef = D042BC4827FE5FC30096F24D /* ListenUpTests.swift */; };
		D042BC5327FE5FC30096F24D /* ListenUpUITests.swift in Sources */ = {isa = PBXBuildFile; fileRef = D042BC5227FE5FC30096F24D /* ListenUpUITests.swift */; };
		D042BC5527FE5FC30096F24D /* ListenUpUITestsLaunchTests.swift in Sources */ = {isa = PBXBuildFile; fileRef = D042BC5427FE5FC30096F24D /* ListenUpUITestsLaunchTests.swift */; };
		D042BC6227FE5FE50096F24D /* Private.swift in Sources */ = {isa = PBXBuildFile; fileRef = D042BC6127FE5FE50096F24D /* Private.swift */; };
		D076900C2807887F0019216A /* FeedViewController.swift in Sources */ = {isa = PBXBuildFile; fileRef = D076900B2807887F0019216A /* FeedViewController.swift */; };
		D076900E28078C090019216A /* PostTableViewCell.swift in Sources */ = {isa = PBXBuildFile; fileRef = D076900D28078C090019216A /* PostTableViewCell.swift */; };
		D0769010280798FF0019216A /* SafariWork.swift in Sources */ = {isa = PBXBuildFile; fileRef = D076900F280798FF0019216A /* SafariWork.swift */; };
/* End PBXBuildFile section */

/* Begin PBXContainerItemProxy section */
		D042BC4527FE5FC20096F24D /* PBXContainerItemProxy */ = {
			isa = PBXContainerItemProxy;
			containerPortal = D042BC2627FE5FBD0096F24D /* Project object */;
			proxyType = 1;
			remoteGlobalIDString = D042BC2D27FE5FBE0096F24D;
			remoteInfo = ListenUp;
		};
		D042BC4F27FE5FC30096F24D /* PBXContainerItemProxy */ = {
			isa = PBXContainerItemProxy;
			containerPortal = D042BC2627FE5FBD0096F24D /* Project object */;
			proxyType = 1;
			remoteGlobalIDString = D042BC2D27FE5FBE0096F24D;
			remoteInfo = ListenUp;
		};
/* End PBXContainerItemProxy section */

/* Begin PBXFileReference section */
		1534BCB2280D9F030061800D /* NewPostViewController.swift */ = {isa = PBXFileReference; lastKnownFileType = sourcecode.swift; path = NewPostViewController.swift; sourceTree = "<group>"; };
		1534BCB6280DA97D0061800D /* ResultTableViewCell.swift */ = {isa = PBXFileReference; lastKnownFileType = sourcecode.swift; path = ResultTableViewCell.swift; sourceTree = "<group>"; };
		1E3420C5D8901AC0995C4EA6 /* Pods-ListenUp.debug.xcconfig */ = {isa = PBXFileReference; includeInIndex = 1; lastKnownFileType = text.xcconfig; name = "Pods-ListenUp.debug.xcconfig"; path = "Target Support Files/Pods-ListenUp/Pods-ListenUp.debug.xcconfig"; sourceTree = "<group>"; };
		30DA7A0B1B53AD6360C7F73A /* Pods-ListenUp.release.xcconfig */ = {isa = PBXFileReference; includeInIndex = 1; lastKnownFileType = text.xcconfig; name = "Pods-ListenUp.release.xcconfig"; path = "Target Support Files/Pods-ListenUp/Pods-ListenUp.release.xcconfig"; sourceTree = "<group>"; };
		5A99AD94A58DBA5C9990DB7B /* Pods-ListenUpTests.release.xcconfig */ = {isa = PBXFileReference; includeInIndex = 1; lastKnownFileType = text.xcconfig; name = "Pods-ListenUpTests.release.xcconfig"; path = "Target Support Files/Pods-ListenUpTests/Pods-ListenUpTests.release.xcconfig"; sourceTree = "<group>"; };
		5DA78C8F6E88A1F959465753 /* Pods-ListenUp-ListenUpUITests.release.xcconfig */ = {isa = PBXFileReference; includeInIndex = 1; lastKnownFileType = text.xcconfig; name = "Pods-ListenUp-ListenUpUITests.release.xcconfig"; path = "Target Support Files/Pods-ListenUp-ListenUpUITests/Pods-ListenUp-ListenUpUITests.release.xcconfig"; sourceTree = "<group>"; };
		8B324E8AEC619336AA032E41 /* Pods_ListenUp.framework */ = {isa = PBXFileReference; explicitFileType = wrapper.framework; includeInIndex = 0; path = Pods_ListenUp.framework; sourceTree = BUILT_PRODUCTS_DIR; };
		92FFCA6B544334D4B19493AB /* Pods-ListenUp-ListenUpUITests.debug.xcconfig */ = {isa = PBXFileReference; includeInIndex = 1; lastKnownFileType = text.xcconfig; name = "Pods-ListenUp-ListenUpUITests.debug.xcconfig"; path = "Target Support Files/Pods-ListenUp-ListenUpUITests/Pods-ListenUp-ListenUpUITests.debug.xcconfig"; sourceTree = "<group>"; };
		9BB8F17A439ED8BFDBD4F20A /* Pods-ListenUpTests.debug.xcconfig */ = {isa = PBXFileReference; includeInIndex = 1; lastKnownFileType = text.xcconfig; name = "Pods-ListenUpTests.debug.xcconfig"; path = "Target Support Files/Pods-ListenUpTests/Pods-ListenUpTests.debug.xcconfig"; sourceTree = "<group>"; };
		B999177ECC3CC9EC0EA24750 /* Pods_ListenUpTests.framework */ = {isa = PBXFileReference; explicitFileType = wrapper.framework; includeInIndex = 0; path = Pods_ListenUpTests.framework; sourceTree = BUILT_PRODUCTS_DIR; };
		D017C57B2807D37200E62C7F /* iTunesAPINetworking.swift */ = {isa = PBXFileReference; lastKnownFileType = sourcecode.swift; path = iTunesAPINetworking.swift; sourceTree = "<group>"; };
		D017C57D2807DA3B00E62C7F /* ImageFromURL.swift */ = {isa = PBXFileReference; lastKnownFileType = sourcecode.swift; path = ImageFromURL.swift; sourceTree = "<group>"; };
		D017C57F2807DF9800E62C7F /* SongwhipNetworking.swift */ = {isa = PBXFileReference; lastKnownFileType = sourcecode.swift; path = SongwhipNetworking.swift; sourceTree = "<group>"; };
		D032A6B1280F39CA0024A4BE /* MusicPlayer.swift */ = {isa = PBXFileReference; lastKnownFileType = sourcecode.swift; path = MusicPlayer.swift; sourceTree = "<group>"; };
		D042BC2E27FE5FBE0096F24D /* ListenUp.app */ = {isa = PBXFileReference; explicitFileType = wrapper.application; includeInIndex = 0; path = ListenUp.app; sourceTree = BUILT_PRODUCTS_DIR; };
		D042BC3127FE5FBE0096F24D /* AppDelegate.swift */ = {isa = PBXFileReference; lastKnownFileType = sourcecode.swift; path = AppDelegate.swift; sourceTree = "<group>"; };
		D042BC3327FE5FBE0096F24D /* SceneDelegate.swift */ = {isa = PBXFileReference; lastKnownFileType = sourcecode.swift; path = SceneDelegate.swift; sourceTree = "<group>"; };
		D042BC3527FE5FBE0096F24D /* LoginViewController.swift */ = {isa = PBXFileReference; lastKnownFileType = sourcecode.swift; path = LoginViewController.swift; sourceTree = "<group>"; };
		D042BC3827FE5FBE0096F24D /* Base */ = {isa = PBXFileReference; lastKnownFileType = file.storyboard; name = Base; path = Base.lproj/Main.storyboard; sourceTree = "<group>"; };
		D042BC3A27FE5FC20096F24D /* Assets.xcassets */ = {isa = PBXFileReference; lastKnownFileType = folder.assetcatalog; path = Assets.xcassets; sourceTree = "<group>"; };
		D042BC3D27FE5FC20096F24D /* Base */ = {isa = PBXFileReference; lastKnownFileType = file.storyboard; name = Base; path = Base.lproj/LaunchScreen.storyboard; sourceTree = "<group>"; };
		D042BC3F27FE5FC20096F24D /* Info.plist */ = {isa = PBXFileReference; lastKnownFileType = text.plist.xml; path = Info.plist; sourceTree = "<group>"; };
		D042BC4427FE5FC20096F24D /* ListenUpTests.xctest */ = {isa = PBXFileReference; explicitFileType = wrapper.cfbundle; includeInIndex = 0; path = ListenUpTests.xctest; sourceTree = BUILT_PRODUCTS_DIR; };
		D042BC4827FE5FC30096F24D /* ListenUpTests.swift */ = {isa = PBXFileReference; lastKnownFileType = sourcecode.swift; path = ListenUpTests.swift; sourceTree = "<group>"; };
		D042BC4E27FE5FC30096F24D /* ListenUpUITests.xctest */ = {isa = PBXFileReference; explicitFileType = wrapper.cfbundle; includeInIndex = 0; path = ListenUpUITests.xctest; sourceTree = BUILT_PRODUCTS_DIR; };
		D042BC5227FE5FC30096F24D /* ListenUpUITests.swift */ = {isa = PBXFileReference; lastKnownFileType = sourcecode.swift; path = ListenUpUITests.swift; sourceTree = "<group>"; };
		D042BC5427FE5FC30096F24D /* ListenUpUITestsLaunchTests.swift */ = {isa = PBXFileReference; lastKnownFileType = sourcecode.swift; path = ListenUpUITestsLaunchTests.swift; sourceTree = "<group>"; };
		D042BC6127FE5FE50096F24D /* Private.swift */ = {isa = PBXFileReference; lastKnownFileType = sourcecode.swift; path = Private.swift; sourceTree = "<group>"; };
		D076900B2807887F0019216A /* FeedViewController.swift */ = {isa = PBXFileReference; lastKnownFileType = sourcecode.swift; path = FeedViewController.swift; sourceTree = "<group>"; };
		D076900D28078C090019216A /* PostTableViewCell.swift */ = {isa = PBXFileReference; lastKnownFileType = sourcecode.swift; path = PostTableViewCell.swift; sourceTree = "<group>"; };
		D076900F280798FF0019216A /* SafariWork.swift */ = {isa = PBXFileReference; lastKnownFileType = sourcecode.swift; path = SafariWork.swift; sourceTree = "<group>"; };
		F86A41410E8CE9171D9EA77F /* Pods_ListenUp_ListenUpUITests.framework */ = {isa = PBXFileReference; explicitFileType = wrapper.framework; includeInIndex = 0; path = Pods_ListenUp_ListenUpUITests.framework; sourceTree = BUILT_PRODUCTS_DIR; };
/* End PBXFileReference section */

/* Begin PBXFrameworksBuildPhase section */
		D042BC2B27FE5FBE0096F24D /* Frameworks */ = {
			isa = PBXFrameworksBuildPhase;
			buildActionMask = 2147483647;
			files = (
				B7C57818DEF343FCA1384779 /* Pods_ListenUp.framework in Frameworks */,
			);
			runOnlyForDeploymentPostprocessing = 0;
		};
		D042BC4127FE5FC20096F24D /* Frameworks */ = {
			isa = PBXFrameworksBuildPhase;
			buildActionMask = 2147483647;
			files = (
				A346F23A8B11C66BAC4D326A /* Pods_ListenUpTests.framework in Frameworks */,
			);
			runOnlyForDeploymentPostprocessing = 0;
		};
		D042BC4B27FE5FC30096F24D /* Frameworks */ = {
			isa = PBXFrameworksBuildPhase;
			buildActionMask = 2147483647;
			files = (
				99FCF07529E5E9A7BE4B0CEE /* Pods_ListenUp_ListenUpUITests.framework in Frameworks */,
			);
			runOnlyForDeploymentPostprocessing = 0;
		};
/* End PBXFrameworksBuildPhase section */

/* Begin PBXGroup section */
		D042BC2527FE5FBD0096F24D = {
			isa = PBXGroup;
			children = (
				D042BC3027FE5FBE0096F24D /* ListenUp */,
				D042BC4727FE5FC30096F24D /* ListenUpTests */,
				D042BC5127FE5FC30096F24D /* ListenUpUITests */,
				D042BC2F27FE5FBE0096F24D /* Products */,
				D3EAA543291C1A93A474FED7 /* Pods */,
				F1B5C04C88B8AF2C05765D46 /* Frameworks */,
			);
			sourceTree = "<group>";
		};
		D042BC2F27FE5FBE0096F24D /* Products */ = {
			isa = PBXGroup;
			children = (
				D042BC2E27FE5FBE0096F24D /* ListenUp.app */,
				D042BC4427FE5FC20096F24D /* ListenUpTests.xctest */,
				D042BC4E27FE5FC30096F24D /* ListenUpUITests.xctest */,
			);
			name = Products;
			sourceTree = "<group>";
		};
		D042BC3027FE5FBE0096F24D /* ListenUp */ = {
			isa = PBXGroup;
			children = (
				D042BC6127FE5FE50096F24D /* Private.swift */,
				D042BC3127FE5FBE0096F24D /* AppDelegate.swift */,
				D042BC3327FE5FBE0096F24D /* SceneDelegate.swift */,
				1534BCB6280DA97D0061800D /* ResultTableViewCell.swift */,
				D042BC3527FE5FBE0096F24D /* LoginViewController.swift */,
				D076900B2807887F0019216A /* FeedViewController.swift */,
				D032A6B1280F39CA0024A4BE /* MusicPlayer.swift */,
				D017C57F2807DF9800E62C7F /* SongwhipNetworking.swift */,
				1534BCB2280D9F030061800D /* NewPostViewController.swift */,
				D017C57D2807DA3B00E62C7F /* ImageFromURL.swift */,
				D017C57B2807D37200E62C7F /* iTunesAPINetworking.swift */,
				D076900D28078C090019216A /* PostTableViewCell.swift */,
				D042BC3727FE5FBE0096F24D /* Main.storyboard */,
				D076900F280798FF0019216A /* SafariWork.swift */,
				D042BC3A27FE5FC20096F24D /* Assets.xcassets */,
				D042BC3C27FE5FC20096F24D /* LaunchScreen.storyboard */,
				D042BC3F27FE5FC20096F24D /* Info.plist */,
			);
			path = ListenUp;
			sourceTree = "<group>";
		};
		D042BC4727FE5FC30096F24D /* ListenUpTests */ = {
			isa = PBXGroup;
			children = (
				D042BC4827FE5FC30096F24D /* ListenUpTests.swift */,
			);
			path = ListenUpTests;
			sourceTree = "<group>";
		};
		D042BC5127FE5FC30096F24D /* ListenUpUITests */ = {
			isa = PBXGroup;
			children = (
				D042BC5227FE5FC30096F24D /* ListenUpUITests.swift */,
				D042BC5427FE5FC30096F24D /* ListenUpUITestsLaunchTests.swift */,
			);
			path = ListenUpUITests;
			sourceTree = "<group>";
		};
		D3EAA543291C1A93A474FED7 /* Pods */ = {
			isa = PBXGroup;
			children = (
				1E3420C5D8901AC0995C4EA6 /* Pods-ListenUp.debug.xcconfig */,
				30DA7A0B1B53AD6360C7F73A /* Pods-ListenUp.release.xcconfig */,
				92FFCA6B544334D4B19493AB /* Pods-ListenUp-ListenUpUITests.debug.xcconfig */,
				5DA78C8F6E88A1F959465753 /* Pods-ListenUp-ListenUpUITests.release.xcconfig */,
				9BB8F17A439ED8BFDBD4F20A /* Pods-ListenUpTests.debug.xcconfig */,
				5A99AD94A58DBA5C9990DB7B /* Pods-ListenUpTests.release.xcconfig */,
			);
			path = Pods;
			sourceTree = "<group>";
		};
		F1B5C04C88B8AF2C05765D46 /* Frameworks */ = {
			isa = PBXGroup;
			children = (
				8B324E8AEC619336AA032E41 /* Pods_ListenUp.framework */,
				F86A41410E8CE9171D9EA77F /* Pods_ListenUp_ListenUpUITests.framework */,
				B999177ECC3CC9EC0EA24750 /* Pods_ListenUpTests.framework */,
			);
			name = Frameworks;
			sourceTree = "<group>";
		};
/* End PBXGroup section */

/* Begin PBXNativeTarget section */
		D042BC2D27FE5FBE0096F24D /* ListenUp */ = {
			isa = PBXNativeTarget;
			buildConfigurationList = D042BC5827FE5FC30096F24D /* Build configuration list for PBXNativeTarget "ListenUp" */;
			buildPhases = (
				B940EEEE5AF6E9F34E971BE4 /* [CP] Check Pods Manifest.lock */,
				D042BC2A27FE5FBE0096F24D /* Sources */,
				D042BC2B27FE5FBE0096F24D /* Frameworks */,
				D042BC2C27FE5FBE0096F24D /* Resources */,
				5DCD8DDA825CF9B2C5F4DD97 /* [CP] Embed Pods Frameworks */,
			);
			buildRules = (
			);
			dependencies = (
			);
			name = ListenUp;
			productName = ListenUp;
			productReference = D042BC2E27FE5FBE0096F24D /* ListenUp.app */;
			productType = "com.apple.product-type.application";
		};
		D042BC4327FE5FC20096F24D /* ListenUpTests */ = {
			isa = PBXNativeTarget;
			buildConfigurationList = D042BC5B27FE5FC30096F24D /* Build configuration list for PBXNativeTarget "ListenUpTests" */;
			buildPhases = (
				87FF01BBB9972EBE1D21EA99 /* [CP] Check Pods Manifest.lock */,
				D042BC4027FE5FC20096F24D /* Sources */,
				D042BC4127FE5FC20096F24D /* Frameworks */,
				D042BC4227FE5FC20096F24D /* Resources */,
			);
			buildRules = (
			);
			dependencies = (
				D042BC4627FE5FC20096F24D /* PBXTargetDependency */,
			);
			name = ListenUpTests;
			productName = ListenUpTests;
			productReference = D042BC4427FE5FC20096F24D /* ListenUpTests.xctest */;
			productType = "com.apple.product-type.bundle.unit-test";
		};
		D042BC4D27FE5FC30096F24D /* ListenUpUITests */ = {
			isa = PBXNativeTarget;
			buildConfigurationList = D042BC5E27FE5FC30096F24D /* Build configuration list for PBXNativeTarget "ListenUpUITests" */;
			buildPhases = (
				C45845F7915B23CC338E0FAD /* [CP] Check Pods Manifest.lock */,
				D042BC4A27FE5FC30096F24D /* Sources */,
				D042BC4B27FE5FC30096F24D /* Frameworks */,
				D042BC4C27FE5FC30096F24D /* Resources */,
				E8900B59E8C971CC69D66718 /* [CP] Embed Pods Frameworks */,
			);
			buildRules = (
			);
			dependencies = (
				D042BC5027FE5FC30096F24D /* PBXTargetDependency */,
			);
			name = ListenUpUITests;
			productName = ListenUpUITests;
			productReference = D042BC4E27FE5FC30096F24D /* ListenUpUITests.xctest */;
			productType = "com.apple.product-type.bundle.ui-testing";
		};
/* End PBXNativeTarget section */

/* Begin PBXProject section */
		D042BC2627FE5FBD0096F24D /* Project object */ = {
			isa = PBXProject;
			attributes = {
				BuildIndependentTargetsInParallel = 1;
				LastSwiftUpdateCheck = 1330;
				LastUpgradeCheck = 1330;
				TargetAttributes = {
					D042BC2D27FE5FBE0096F24D = {
						CreatedOnToolsVersion = 13.3;
					};
					D042BC4327FE5FC20096F24D = {
						CreatedOnToolsVersion = 13.3;
						TestTargetID = D042BC2D27FE5FBE0096F24D;
					};
					D042BC4D27FE5FC30096F24D = {
						CreatedOnToolsVersion = 13.3;
						TestTargetID = D042BC2D27FE5FBE0096F24D;
					};
				};
			};
			buildConfigurationList = D042BC2927FE5FBD0096F24D /* Build configuration list for PBXProject "ListenUp" */;
			compatibilityVersion = "Xcode 13.0";
			developmentRegion = en;
			hasScannedForEncodings = 0;
			knownRegions = (
				en,
				Base,
			);
			mainGroup = D042BC2527FE5FBD0096F24D;
			productRefGroup = D042BC2F27FE5FBE0096F24D /* Products */;
			projectDirPath = "";
			projectRoot = "";
			targets = (
				D042BC2D27FE5FBE0096F24D /* ListenUp */,
				D042BC4327FE5FC20096F24D /* ListenUpTests */,
				D042BC4D27FE5FC30096F24D /* ListenUpUITests */,
			);
		};
/* End PBXProject section */

/* Begin PBXResourcesBuildPhase section */
		D042BC2C27FE5FBE0096F24D /* Resources */ = {
			isa = PBXResourcesBuildPhase;
			buildActionMask = 2147483647;
			files = (
				D042BC3E27FE5FC20096F24D /* LaunchScreen.storyboard in Resources */,
				D042BC3B27FE5FC20096F24D /* Assets.xcassets in Resources */,
				D042BC3927FE5FBE0096F24D /* Main.storyboard in Resources */,
			);
			runOnlyForDeploymentPostprocessing = 0;
		};
		D042BC4227FE5FC20096F24D /* Resources */ = {
			isa = PBXResourcesBuildPhase;
			buildActionMask = 2147483647;
			files = (
			);
			runOnlyForDeploymentPostprocessing = 0;
		};
		D042BC4C27FE5FC30096F24D /* Resources */ = {
			isa = PBXResourcesBuildPhase;
			buildActionMask = 2147483647;
			files = (
			);
			runOnlyForDeploymentPostprocessing = 0;
		};
/* End PBXResourcesBuildPhase section */

/* Begin PBXShellScriptBuildPhase section */
		5DCD8DDA825CF9B2C5F4DD97 /* [CP] Embed Pods Frameworks */ = {
			isa = PBXShellScriptBuildPhase;
			buildActionMask = 2147483647;
			files = (
			);
			inputFileListPaths = (
				"${PODS_ROOT}/Target Support Files/Pods-ListenUp/Pods-ListenUp-frameworks-${CONFIGURATION}-input-files.xcfilelist",
			);
			name = "[CP] Embed Pods Frameworks";
			outputFileListPaths = (
				"${PODS_ROOT}/Target Support Files/Pods-ListenUp/Pods-ListenUp-frameworks-${CONFIGURATION}-output-files.xcfilelist",
			);
			runOnlyForDeploymentPostprocessing = 0;
			shellPath = /bin/sh;
			shellScript = "\"${PODS_ROOT}/Target Support Files/Pods-ListenUp/Pods-ListenUp-frameworks.sh\"\n";
			showEnvVarsInLog = 0;
		};
		87FF01BBB9972EBE1D21EA99 /* [CP] Check Pods Manifest.lock */ = {
			isa = PBXShellScriptBuildPhase;
			buildActionMask = 2147483647;
			files = (
			);
			inputFileListPaths = (
			);
			inputPaths = (
				"${PODS_PODFILE_DIR_PATH}/Podfile.lock",
				"${PODS_ROOT}/Manifest.lock",
			);
			name = "[CP] Check Pods Manifest.lock";
			outputFileListPaths = (
			);
			outputPaths = (
				"$(DERIVED_FILE_DIR)/Pods-ListenUpTests-checkManifestLockResult.txt",
			);
			runOnlyForDeploymentPostprocessing = 0;
			shellPath = /bin/sh;
			shellScript = "diff \"${PODS_PODFILE_DIR_PATH}/Podfile.lock\" \"${PODS_ROOT}/Manifest.lock\" > /dev/null\nif [ $? != 0 ] ; then\n    # print error to STDERR\n    echo \"error: The sandbox is not in sync with the Podfile.lock. Run 'pod install' or update your CocoaPods installation.\" >&2\n    exit 1\nfi\n# This output is used by Xcode 'outputs' to avoid re-running this script phase.\necho \"SUCCESS\" > \"${SCRIPT_OUTPUT_FILE_0}\"\n";
			showEnvVarsInLog = 0;
		};
		B940EEEE5AF6E9F34E971BE4 /* [CP] Check Pods Manifest.lock */ = {
			isa = PBXShellScriptBuildPhase;
			buildActionMask = 2147483647;
			files = (
			);
			inputFileListPaths = (
			);
			inputPaths = (
				"${PODS_PODFILE_DIR_PATH}/Podfile.lock",
				"${PODS_ROOT}/Manifest.lock",
			);
			name = "[CP] Check Pods Manifest.lock";
			outputFileListPaths = (
			);
			outputPaths = (
				"$(DERIVED_FILE_DIR)/Pods-ListenUp-checkManifestLockResult.txt",
			);
			runOnlyForDeploymentPostprocessing = 0;
			shellPath = /bin/sh;
			shellScript = "diff \"${PODS_PODFILE_DIR_PATH}/Podfile.lock\" \"${PODS_ROOT}/Manifest.lock\" > /dev/null\nif [ $? != 0 ] ; then\n    # print error to STDERR\n    echo \"error: The sandbox is not in sync with the Podfile.lock. Run 'pod install' or update your CocoaPods installation.\" >&2\n    exit 1\nfi\n# This output is used by Xcode 'outputs' to avoid re-running this script phase.\necho \"SUCCESS\" > \"${SCRIPT_OUTPUT_FILE_0}\"\n";
			showEnvVarsInLog = 0;
		};
		C45845F7915B23CC338E0FAD /* [CP] Check Pods Manifest.lock */ = {
			isa = PBXShellScriptBuildPhase;
			buildActionMask = 2147483647;
			files = (
			);
			inputFileListPaths = (
			);
			inputPaths = (
				"${PODS_PODFILE_DIR_PATH}/Podfile.lock",
				"${PODS_ROOT}/Manifest.lock",
			);
			name = "[CP] Check Pods Manifest.lock";
			outputFileListPaths = (
			);
			outputPaths = (
				"$(DERIVED_FILE_DIR)/Pods-ListenUp-ListenUpUITests-checkManifestLockResult.txt",
			);
			runOnlyForDeploymentPostprocessing = 0;
			shellPath = /bin/sh;
			shellScript = "diff \"${PODS_PODFILE_DIR_PATH}/Podfile.lock\" \"${PODS_ROOT}/Manifest.lock\" > /dev/null\nif [ $? != 0 ] ; then\n    # print error to STDERR\n    echo \"error: The sandbox is not in sync with the Podfile.lock. Run 'pod install' or update your CocoaPods installation.\" >&2\n    exit 1\nfi\n# This output is used by Xcode 'outputs' to avoid re-running this script phase.\necho \"SUCCESS\" > \"${SCRIPT_OUTPUT_FILE_0}\"\n";
			showEnvVarsInLog = 0;
		};
		E8900B59E8C971CC69D66718 /* [CP] Embed Pods Frameworks */ = {
			isa = PBXShellScriptBuildPhase;
			buildActionMask = 2147483647;
			files = (
			);
			inputFileListPaths = (
				"${PODS_ROOT}/Target Support Files/Pods-ListenUp-ListenUpUITests/Pods-ListenUp-ListenUpUITests-frameworks-${CONFIGURATION}-input-files.xcfilelist",
			);
			name = "[CP] Embed Pods Frameworks";
			outputFileListPaths = (
				"${PODS_ROOT}/Target Support Files/Pods-ListenUp-ListenUpUITests/Pods-ListenUp-ListenUpUITests-frameworks-${CONFIGURATION}-output-files.xcfilelist",
			);
			runOnlyForDeploymentPostprocessing = 0;
			shellPath = /bin/sh;
			shellScript = "\"${PODS_ROOT}/Target Support Files/Pods-ListenUp-ListenUpUITests/Pods-ListenUp-ListenUpUITests-frameworks.sh\"\n";
			showEnvVarsInLog = 0;
		};
/* End PBXShellScriptBuildPhase section */

/* Begin PBXSourcesBuildPhase section */
		D042BC2A27FE5FBE0096F24D /* Sources */ = {
			isa = PBXSourcesBuildPhase;
			buildActionMask = 2147483647;
			files = (
				D032A6B2280F39CA0024A4BE /* MusicPlayer.swift in Sources */,
				D042BC3627FE5FBE0096F24D /* LoginViewController.swift in Sources */,
				D042BC3227FE5FBE0096F24D /* AppDelegate.swift in Sources */,
				D017C5802807DF9800E62C7F /* SongwhipNetworking.swift in Sources */,
				D076900C2807887F0019216A /* FeedViewController.swift in Sources */,
				D042BC3427FE5FBE0096F24D /* SceneDelegate.swift in Sources */,
				D0769010280798FF0019216A /* SafariWork.swift in Sources */,
				D042BC6227FE5FE50096F24D /* Private.swift in Sources */,
				D017C57C2807D37200E62C7F /* iTunesAPINetworking.swift in Sources */,
				D017C57E2807DA3B00E62C7F /* ImageFromURL.swift in Sources */,
				D076900E28078C090019216A /* PostTableViewCell.swift in Sources */,
				1534BCB7280DA97D0061800D /* ResultTableViewCell.swift in Sources */,
				1534BCB3280D9F030061800D /* NewPostViewController.swift in Sources */,
			);
			runOnlyForDeploymentPostprocessing = 0;
		};
		D042BC4027FE5FC20096F24D /* Sources */ = {
			isa = PBXSourcesBuildPhase;
			buildActionMask = 2147483647;
			files = (
				D042BC4927FE5FC30096F24D /* ListenUpTests.swift in Sources */,
			);
			runOnlyForDeploymentPostprocessing = 0;
		};
		D042BC4A27FE5FC30096F24D /* Sources */ = {
			isa = PBXSourcesBuildPhase;
			buildActionMask = 2147483647;
			files = (
				D042BC5527FE5FC30096F24D /* ListenUpUITestsLaunchTests.swift in Sources */,
				D042BC5327FE5FC30096F24D /* ListenUpUITests.swift in Sources */,
			);
			runOnlyForDeploymentPostprocessing = 0;
		};
/* End PBXSourcesBuildPhase section */

/* Begin PBXTargetDependency section */
		D042BC4627FE5FC20096F24D /* PBXTargetDependency */ = {
			isa = PBXTargetDependency;
			target = D042BC2D27FE5FBE0096F24D /* ListenUp */;
			targetProxy = D042BC4527FE5FC20096F24D /* PBXContainerItemProxy */;
		};
		D042BC5027FE5FC30096F24D /* PBXTargetDependency */ = {
			isa = PBXTargetDependency;
			target = D042BC2D27FE5FBE0096F24D /* ListenUp */;
			targetProxy = D042BC4F27FE5FC30096F24D /* PBXContainerItemProxy */;
		};
/* End PBXTargetDependency section */

/* Begin PBXVariantGroup section */
		D042BC3727FE5FBE0096F24D /* Main.storyboard */ = {
			isa = PBXVariantGroup;
			children = (
				D042BC3827FE5FBE0096F24D /* Base */,
			);
			name = Main.storyboard;
			sourceTree = "<group>";
		};
		D042BC3C27FE5FC20096F24D /* LaunchScreen.storyboard */ = {
			isa = PBXVariantGroup;
			children = (
				D042BC3D27FE5FC20096F24D /* Base */,
			);
			name = LaunchScreen.storyboard;
			sourceTree = "<group>";
		};
/* End PBXVariantGroup section */

/* Begin XCBuildConfiguration section */
		D042BC5627FE5FC30096F24D /* Debug */ = {
			isa = XCBuildConfiguration;
			buildSettings = {
				ALWAYS_SEARCH_USER_PATHS = NO;
				CLANG_ANALYZER_NONNULL = YES;
				CLANG_ANALYZER_NUMBER_OBJECT_CONVERSION = YES_AGGRESSIVE;
				CLANG_CXX_LANGUAGE_STANDARD = "gnu++17";
				CLANG_ENABLE_MODULES = YES;
				CLANG_ENABLE_OBJC_ARC = YES;
				CLANG_ENABLE_OBJC_WEAK = YES;
				CLANG_WARN_BLOCK_CAPTURE_AUTORELEASING = YES;
				CLANG_WARN_BOOL_CONVERSION = YES;
				CLANG_WARN_COMMA = YES;
				CLANG_WARN_CONSTANT_CONVERSION = YES;
				CLANG_WARN_DEPRECATED_OBJC_IMPLEMENTATIONS = YES;
				CLANG_WARN_DIRECT_OBJC_ISA_USAGE = YES_ERROR;
				CLANG_WARN_DOCUMENTATION_COMMENTS = YES;
				CLANG_WARN_EMPTY_BODY = YES;
				CLANG_WARN_ENUM_CONVERSION = YES;
				CLANG_WARN_INFINITE_RECURSION = YES;
				CLANG_WARN_INT_CONVERSION = YES;
				CLANG_WARN_NON_LITERAL_NULL_CONVERSION = YES;
				CLANG_WARN_OBJC_IMPLICIT_RETAIN_SELF = YES;
				CLANG_WARN_OBJC_LITERAL_CONVERSION = YES;
				CLANG_WARN_OBJC_ROOT_CLASS = YES_ERROR;
				CLANG_WARN_QUOTED_INCLUDE_IN_FRAMEWORK_HEADER = YES;
				CLANG_WARN_RANGE_LOOP_ANALYSIS = YES;
				CLANG_WARN_STRICT_PROTOTYPES = YES;
				CLANG_WARN_SUSPICIOUS_MOVE = YES;
				CLANG_WARN_UNGUARDED_AVAILABILITY = YES_AGGRESSIVE;
				CLANG_WARN_UNREACHABLE_CODE = YES;
				CLANG_WARN__DUPLICATE_METHOD_MATCH = YES;
				COPY_PHASE_STRIP = NO;
				DEBUG_INFORMATION_FORMAT = dwarf;
				ENABLE_STRICT_OBJC_MSGSEND = YES;
				ENABLE_TESTABILITY = YES;
				GCC_C_LANGUAGE_STANDARD = gnu11;
				GCC_DYNAMIC_NO_PIC = NO;
				GCC_NO_COMMON_BLOCKS = YES;
				GCC_OPTIMIZATION_LEVEL = 0;
				GCC_PREPROCESSOR_DEFINITIONS = (
					"DEBUG=1",
					"$(inherited)",
				);
				GCC_WARN_64_TO_32_BIT_CONVERSION = YES;
				GCC_WARN_ABOUT_RETURN_TYPE = YES_ERROR;
				GCC_WARN_UNDECLARED_SELECTOR = YES;
				GCC_WARN_UNINITIALIZED_AUTOS = YES_AGGRESSIVE;
				GCC_WARN_UNUSED_FUNCTION = YES;
				GCC_WARN_UNUSED_VARIABLE = YES;
				IPHONEOS_DEPLOYMENT_TARGET = 15.4;
				MTL_ENABLE_DEBUG_INFO = INCLUDE_SOURCE;
				MTL_FAST_MATH = YES;
				ONLY_ACTIVE_ARCH = YES;
				SDKROOT = iphoneos;
				SWIFT_ACTIVE_COMPILATION_CONDITIONS = DEBUG;
				SWIFT_OPTIMIZATION_LEVEL = "-Onone";
			};
			name = Debug;
		};
		D042BC5727FE5FC30096F24D /* Release */ = {
			isa = XCBuildConfiguration;
			buildSettings = {
				ALWAYS_SEARCH_USER_PATHS = NO;
				CLANG_ANALYZER_NONNULL = YES;
				CLANG_ANALYZER_NUMBER_OBJECT_CONVERSION = YES_AGGRESSIVE;
				CLANG_CXX_LANGUAGE_STANDARD = "gnu++17";
				CLANG_ENABLE_MODULES = YES;
				CLANG_ENABLE_OBJC_ARC = YES;
				CLANG_ENABLE_OBJC_WEAK = YES;
				CLANG_WARN_BLOCK_CAPTURE_AUTORELEASING = YES;
				CLANG_WARN_BOOL_CONVERSION = YES;
				CLANG_WARN_COMMA = YES;
				CLANG_WARN_CONSTANT_CONVERSION = YES;
				CLANG_WARN_DEPRECATED_OBJC_IMPLEMENTATIONS = YES;
				CLANG_WARN_DIRECT_OBJC_ISA_USAGE = YES_ERROR;
				CLANG_WARN_DOCUMENTATION_COMMENTS = YES;
				CLANG_WARN_EMPTY_BODY = YES;
				CLANG_WARN_ENUM_CONVERSION = YES;
				CLANG_WARN_INFINITE_RECURSION = YES;
				CLANG_WARN_INT_CONVERSION = YES;
				CLANG_WARN_NON_LITERAL_NULL_CONVERSION = YES;
				CLANG_WARN_OBJC_IMPLICIT_RETAIN_SELF = YES;
				CLANG_WARN_OBJC_LITERAL_CONVERSION = YES;
				CLANG_WARN_OBJC_ROOT_CLASS = YES_ERROR;
				CLANG_WARN_QUOTED_INCLUDE_IN_FRAMEWORK_HEADER = YES;
				CLANG_WARN_RANGE_LOOP_ANALYSIS = YES;
				CLANG_WARN_STRICT_PROTOTYPES = YES;
				CLANG_WARN_SUSPICIOUS_MOVE = YES;
				CLANG_WARN_UNGUARDED_AVAILABILITY = YES_AGGRESSIVE;
				CLANG_WARN_UNREACHABLE_CODE = YES;
				CLANG_WARN__DUPLICATE_METHOD_MATCH = YES;
				COPY_PHASE_STRIP = NO;
				DEBUG_INFORMATION_FORMAT = "dwarf-with-dsym";
				ENABLE_NS_ASSERTIONS = NO;
				ENABLE_STRICT_OBJC_MSGSEND = YES;
				GCC_C_LANGUAGE_STANDARD = gnu11;
				GCC_NO_COMMON_BLOCKS = YES;
				GCC_WARN_64_TO_32_BIT_CONVERSION = YES;
				GCC_WARN_ABOUT_RETURN_TYPE = YES_ERROR;
				GCC_WARN_UNDECLARED_SELECTOR = YES;
				GCC_WARN_UNINITIALIZED_AUTOS = YES_AGGRESSIVE;
				GCC_WARN_UNUSED_FUNCTION = YES;
				GCC_WARN_UNUSED_VARIABLE = YES;
				IPHONEOS_DEPLOYMENT_TARGET = 15.4;
				MTL_ENABLE_DEBUG_INFO = NO;
				MTL_FAST_MATH = YES;
				SDKROOT = iphoneos;
				SWIFT_COMPILATION_MODE = wholemodule;
				SWIFT_OPTIMIZATION_LEVEL = "-O";
				VALIDATE_PRODUCT = YES;
			};
			name = Release;
		};
		D042BC5927FE5FC30096F24D /* Debug */ = {
			isa = XCBuildConfiguration;
			baseConfigurationReference = 1E3420C5D8901AC0995C4EA6 /* Pods-ListenUp.debug.xcconfig */;
			buildSettings = {
				ASSETCATALOG_COMPILER_APPICON_NAME = AppIcon;
				ASSETCATALOG_COMPILER_GLOBAL_ACCENT_COLOR_NAME = AccentColor;
				CODE_SIGN_STYLE = Automatic;
				CURRENT_PROJECT_VERSION = 1;
				DEVELOPMENT_TEAM = RY9935ZD32;
				GENERATE_INFOPLIST_FILE = YES;
				INFOPLIST_FILE = ListenUp/Info.plist;
				INFOPLIST_KEY_UIApplicationSupportsIndirectInputEvents = YES;
				INFOPLIST_KEY_UILaunchStoryboardName = LaunchScreen;
				INFOPLIST_KEY_UIMainStoryboardFile = Main;
				INFOPLIST_KEY_UISupportedInterfaceOrientations_iPad = "UIInterfaceOrientationPortrait UIInterfaceOrientationPortraitUpsideDown UIInterfaceOrientationLandscapeLeft UIInterfaceOrientationLandscapeRight";
				INFOPLIST_KEY_UISupportedInterfaceOrientations_iPhone = "UIInterfaceOrientationPortrait UIInterfaceOrientationLandscapeLeft UIInterfaceOrientationLandscapeRight";
				LD_RUNPATH_SEARCH_PATHS = (
					"$(inherited)",
					"@executable_path/Frameworks",
				);
				MARKETING_VERSION = 1.0;
				PRODUCT_BUNDLE_IDENTIFIER = com.tylerddakin.ListenUp;
				PRODUCT_NAME = "$(TARGET_NAME)";
				SWIFT_EMIT_LOC_STRINGS = YES;
				SWIFT_VERSION = 5.0;
				TARGETED_DEVICE_FAMILY = "1,2";
			};
			name = Debug;
		};
		D042BC5A27FE5FC30096F24D /* Release */ = {
			isa = XCBuildConfiguration;
			baseConfigurationReference = 30DA7A0B1B53AD6360C7F73A /* Pods-ListenUp.release.xcconfig */;
			buildSettings = {
				ASSETCATALOG_COMPILER_APPICON_NAME = AppIcon;
				ASSETCATALOG_COMPILER_GLOBAL_ACCENT_COLOR_NAME = AccentColor;
				CODE_SIGN_STYLE = Automatic;
				CURRENT_PROJECT_VERSION = 1;
				DEVELOPMENT_TEAM = RY9935ZD32;
				GENERATE_INFOPLIST_FILE = YES;
				INFOPLIST_FILE = ListenUp/Info.plist;
				INFOPLIST_KEY_UIApplicationSupportsIndirectInputEvents = YES;
				INFOPLIST_KEY_UILaunchStoryboardName = LaunchScreen;
				INFOPLIST_KEY_UIMainStoryboardFile = Main;
				INFOPLIST_KEY_UISupportedInterfaceOrientations_iPad = "UIInterfaceOrientationPortrait UIInterfaceOrientationPortraitUpsideDown UIInterfaceOrientationLandscapeLeft UIInterfaceOrientationLandscapeRight";
				INFOPLIST_KEY_UISupportedInterfaceOrientations_iPhone = "UIInterfaceOrientationPortrait UIInterfaceOrientationLandscapeLeft UIInterfaceOrientationLandscapeRight";
				LD_RUNPATH_SEARCH_PATHS = (
					"$(inherited)",
					"@executable_path/Frameworks",
				);
				MARKETING_VERSION = 1.0;
				PRODUCT_BUNDLE_IDENTIFIER = com.tylerddakin.ListenUp;
				PRODUCT_NAME = "$(TARGET_NAME)";
				SWIFT_EMIT_LOC_STRINGS = YES;
				SWIFT_VERSION = 5.0;
				TARGETED_DEVICE_FAMILY = "1,2";
			};
			name = Release;
		};
		D042BC5C27FE5FC30096F24D /* Debug */ = {
			isa = XCBuildConfiguration;
			baseConfigurationReference = 9BB8F17A439ED8BFDBD4F20A /* Pods-ListenUpTests.debug.xcconfig */;
			buildSettings = {
				ALWAYS_EMBED_SWIFT_STANDARD_LIBRARIES = YES;
				BUNDLE_LOADER = "$(TEST_HOST)";
				CODE_SIGN_STYLE = Automatic;
				CURRENT_PROJECT_VERSION = 1;
				DEVELOPMENT_TEAM = RY9935ZD32;
				GENERATE_INFOPLIST_FILE = YES;
				IPHONEOS_DEPLOYMENT_TARGET = 15.4;
				MARKETING_VERSION = 1.0;
				PRODUCT_BUNDLE_IDENTIFIER = com.tylerddakin.ListenUpTests;
				PRODUCT_NAME = "$(TARGET_NAME)";
				SWIFT_EMIT_LOC_STRINGS = NO;
				SWIFT_VERSION = 5.0;
				TARGETED_DEVICE_FAMILY = "1,2";
				TEST_HOST = "$(BUILT_PRODUCTS_DIR)/ListenUp.app/ListenUp";
			};
			name = Debug;
		};
		D042BC5D27FE5FC30096F24D /* Release */ = {
			isa = XCBuildConfiguration;
			baseConfigurationReference = 5A99AD94A58DBA5C9990DB7B /* Pods-ListenUpTests.release.xcconfig */;
			buildSettings = {
				ALWAYS_EMBED_SWIFT_STANDARD_LIBRARIES = YES;
				BUNDLE_LOADER = "$(TEST_HOST)";
				CODE_SIGN_STYLE = Automatic;
				CURRENT_PROJECT_VERSION = 1;
				DEVELOPMENT_TEAM = RY9935ZD32;
				GENERATE_INFOPLIST_FILE = YES;
				IPHONEOS_DEPLOYMENT_TARGET = 15.4;
				MARKETING_VERSION = 1.0;
				PRODUCT_BUNDLE_IDENTIFIER = com.tylerddakin.ListenUpTests;
				PRODUCT_NAME = "$(TARGET_NAME)";
				SWIFT_EMIT_LOC_STRINGS = NO;
				SWIFT_VERSION = 5.0;
				TARGETED_DEVICE_FAMILY = "1,2";
				TEST_HOST = "$(BUILT_PRODUCTS_DIR)/ListenUp.app/ListenUp";
			};
			name = Release;
		};
		D042BC5F27FE5FC30096F24D /* Debug */ = {
			isa = XCBuildConfiguration;
			baseConfigurationReference = 92FFCA6B544334D4B19493AB /* Pods-ListenUp-ListenUpUITests.debug.xcconfig */;
			buildSettings = {
				ALWAYS_EMBED_SWIFT_STANDARD_LIBRARIES = YES;
				CODE_SIGN_STYLE = Automatic;
				CURRENT_PROJECT_VERSION = 1;
				DEVELOPMENT_TEAM = RY9935ZD32;
				GENERATE_INFOPLIST_FILE = YES;
				MARKETING_VERSION = 1.0;
				PRODUCT_BUNDLE_IDENTIFIER = com.tylerddakin.ListenUpUITests;
				PRODUCT_NAME = "$(TARGET_NAME)";
				SWIFT_EMIT_LOC_STRINGS = NO;
				SWIFT_VERSION = 5.0;
				TARGETED_DEVICE_FAMILY = "1,2";
				TEST_TARGET_NAME = ListenUp;
			};
			name = Debug;
		};
		D042BC6027FE5FC30096F24D /* Release */ = {
			isa = XCBuildConfiguration;
			baseConfigurationReference = 5DA78C8F6E88A1F959465753 /* Pods-ListenUp-ListenUpUITests.release.xcconfig */;
			buildSettings = {
				ALWAYS_EMBED_SWIFT_STANDARD_LIBRARIES = YES;
				CODE_SIGN_STYLE = Automatic;
				CURRENT_PROJECT_VERSION = 1;
				DEVELOPMENT_TEAM = RY9935ZD32;
				GENERATE_INFOPLIST_FILE = YES;
				MARKETING_VERSION = 1.0;
				PRODUCT_BUNDLE_IDENTIFIER = com.tylerddakin.ListenUpUITests;
				PRODUCT_NAME = "$(TARGET_NAME)";
				SWIFT_EMIT_LOC_STRINGS = NO;
				SWIFT_VERSION = 5.0;
				TARGETED_DEVICE_FAMILY = "1,2";
				TEST_TARGET_NAME = ListenUp;
			};
			name = Release;
		};
/* End XCBuildConfiguration section */

/* Begin XCConfigurationList section */
		D042BC2927FE5FBD0096F24D /* Build configuration list for PBXProject "ListenUp" */ = {
			isa = XCConfigurationList;
			buildConfigurations = (
				D042BC5627FE5FC30096F24D /* Debug */,
				D042BC5727FE5FC30096F24D /* Release */,
			);
			defaultConfigurationIsVisible = 0;
			defaultConfigurationName = Release;
		};
		D042BC5827FE5FC30096F24D /* Build configuration list for PBXNativeTarget "ListenUp" */ = {
			isa = XCConfigurationList;
			buildConfigurations = (
				D042BC5927FE5FC30096F24D /* Debug */,
				D042BC5A27FE5FC30096F24D /* Release */,
			);
			defaultConfigurationIsVisible = 0;
			defaultConfigurationName = Release;
		};
		D042BC5B27FE5FC30096F24D /* Build configuration list for PBXNativeTarget "ListenUpTests" */ = {
			isa = XCConfigurationList;
			buildConfigurations = (
				D042BC5C27FE5FC30096F24D /* Debug */,
				D042BC5D27FE5FC30096F24D /* Release */,
			);
			defaultConfigurationIsVisible = 0;
			defaultConfigurationName = Release;
		};
		D042BC5E27FE5FC30096F24D /* Build configuration list for PBXNativeTarget "ListenUpUITests" */ = {
			isa = XCConfigurationList;
			buildConfigurations = (
				D042BC5F27FE5FC30096F24D /* Debug */,
				D042BC6027FE5FC30096F24D /* Release */,
			);
			defaultConfigurationIsVisible = 0;
			defaultConfigurationName = Release;
		};
/* End XCConfigurationList section */
	};
	rootObject = D042BC2627FE5FBD0096F24D /* Project object */;
}
